{
  "name": "gha-rerun-ledger",
  "version": "1.0.0",
  "lockfileVersion": 3,
  "requires": true,
  "packages": {
    "": {
      "name": "gha-rerun-ledger",
      "version": "1.0.0",
      "license": "MIT",
      "bin": {
        "gha-rerun-ledger": "bin/gha-rerun-ledger.js"
      },
      "engines": {
        "node": ">=20"
      }
    }
  }
}
